{
  "object": {
    "pins": [
      {
        "package": "Alamofire",
        "repositoryURL": "https://github.com/Alamofire/Alamofire.git",
        "state": {
          "branch": "cb3d132",
          "revision": "cb3d132649805874a4a0a3e5caa30360888e28e0",
          "version": null
        }
      }
    ]
  },
  "version": 1
}
