PODS:
  - Alamofire (5.4.1)
  - SwiftLint (0.42.0)

DEPENDENCIES:
  - Alamofire (~> 5.4)
  - SwiftLint

SPEC REPOS:
  trunk:
    - Alamofire
    - SwiftLint

SPEC CHECKSUMS:
  Alamofire: 2291f7d21ca607c491dd17642e5d40fdcda0e65c
  SwiftLint: 4fa9579c63416865179bc416f0a92d55f009600d

PODFILE CHECKSUM: 5dc14134a3f94f2f1738ef7814844b0697716f2c

COCOAPODS: 1.10.1
